// !$*UTF8*$!
{
	archiveVersion = 1;
	classes = {
	};
	objectVersion = 46;
	objects = {

/* Begin PBXBuildFile section */
		242AA3B119BFEAF700AB0B01 /* AppDelegate.swift in Sources */ = {isa = PBXBuildFile; fileRef = 242AA3B019BFEAF700AB0B01 /* AppDelegate.swift */; };
		242AA3B319BFEAF700AB0B01 /* ViewController.swift in Sources */ = {isa = PBXBuildFile; fileRef = 242AA3B219BFEAF700AB0B01 /* ViewController.swift */; };
		242AA3B619BFEAF700AB0B01 /* Main.storyboard in Resources */ = {isa = PBXBuildFile; fileRef = 242AA3B419BFEAF700AB0B01 /* Main.storyboard */; };
		242AA3B819BFEAF700AB0B01 /* Images.xcassets in Resources */ = {isa = PBXBuildFile; fileRef = 242AA3B719BFEAF700AB0B01 /* Images.xcassets */; };
		242AA3BB19BFEAF700AB0B01 /* LaunchScreen.xib in Resources */ = {isa = PBXBuildFile; fileRef = 242AA3B919BFEAF700AB0B01 /* LaunchScreen.xib */; };
		242AA3C719BFEAF700AB0B01 /* PostcardTests.swift in Sources */ = {isa = PBXBuildFile; fileRef = 242AA3C619BFEAF700AB0B01 /* PostcardTests.swift */; };
		2430F0C819C126D3004CC4C4 /* Space Needle 2__OTIS.jpg in Resources */ = {isa = PBXBuildFile; fileRef = 2430F0C719C126D3004CC4C4 /* Space Needle 2__OTIS.jpg */; };
		2430F0CA19C12E89004CC4C4 /* 6662395-mongolia-circa-1982-postage-stamp-shows-vintage-bicycle-circa-1982.jpg in Resources */ = {isa = PBXBuildFile; fileRef = 2430F0C919C12E89004CC4C4 /* 6662395-mongolia-circa-1982-postage-stamp-shows-vintage-bicycle-circa-1982.jpg */; };
/* End PBXBuildFile section */

/* Begin PBXContainerItemProxy section */
		242AA3C119BFEAF700AB0B01 /* PBXContainerItemProxy */ = {
			isa = PBXContainerItemProxy;
			containerPortal = 242AA3A319BFEAF700AB0B01 /* Project object */;
			proxyType = 1;
			remoteGlobalIDString = 242AA3AA19BFEAF700AB0B01;
			remoteInfo = Postcard;
		};
/* End PBXContainerItemProxy section */

/* Begin PBXFileReference section */
		242AA3AB19BFEAF700AB0B01 /* Postcard.app */ = {isa = PBXFileReference; explicitFileType = wrapper.application; includeInIndex = 0; path = Postcard.app; sourceTree = BUILT_PRODUCTS_DIR; };
		242AA3AF19BFEAF700AB0B01 /* Info.plist */ = {isa = PBXFileReference; lastKnownFileType = text.plist.xml; path = Info.plist; sourceTree = "<group>"; };
		242AA3B019BFEAF700AB0B01 /* AppDelegate.swift */ = {isa = PBXFileReference; lastKnownFileType = sourcecode.swift; path = AppDelegate.swift; sourceTree = "<group>"; };
		242AA3B219BFEAF700AB0B01 /* ViewController.swift */ = {isa = PBXFileReference; lastKnownFileType = sourcecode.swift; path = ViewController.swift; sourceTree = "<group>"; };
		242AA3B519BFEAF700AB0B01 /* Base */ = {isa = PBXFileReference; lastKnownFileType = file.storyboard; name = Base; path = Base.lproj/Main.storyboard; sourceTree = "<group>"; };
		242AA3B719BFEAF700AB0B01 /* Images.xcassets */ = {isa = PBXFileReference; lastKnownFileType = folder.assetcatalog; path = Images.xcassets; sourceTree = "<group>"; };
		242AA3BA19BFEAF700AB0B01 /* Base */ = {isa = PBXFileReference; lastKnownFileType = file.xib; name = Base; path = Base.lproj/LaunchScreen.xib; sourceTree = "<group>"; };
		242AA3C019BFEAF700AB0B01 /* PostcardTests.xctest */ = {isa = PBXFileReference; explicitFileType = wrapper.cfbundle; includeInIndex = 0; path = PostcardTests.xctest; sourceTree = BUILT_PRODUCTS_DIR; };
		242AA3C519BFEAF700AB0B01 /* Info.plist */ = {isa = PBXFileReference; lastKnownFileType = text.plist.xml; path = Info.plist; sourceTree = "<group>"; };
		242AA3C619BFEAF700AB0B01 /* PostcardTests.swift */ = {isa = PBXFileReference; lastKnownFileType = sourcecode.swift; path = PostcardTests.swift; sourceTree = "<group>"; };
		2430F0C719C126D3004CC4C4 /* Space Needle 2__OTIS.jpg */ = {isa = PBXFileReference; lastKnownFileType = image.jpeg; path = "Space Needle 2__OTIS.jpg"; sourceTree = "<group>"; };
		2430F0C919C12E89004CC4C4 /* 6662395-mongolia-circa-1982-postage-stamp-shows-vintage-bicycle-circa-1982.jpg */ = {isa = PBXFileReference; lastKnownFileType = image.jpeg; path = "6662395-mongolia-circa-1982-postage-stamp-shows-vintage-bicycle-circa-1982.jpg"; sourceTree = "<group>"; };
/* End PBXFileReference section */

/* Begin PBXFrameworksBuildPhase section */
		242AA3A819BFEAF700AB0B01 /* Frameworks */ = {
			isa = PBXFrameworksBuildPhase;
			buildActionMask = 2147483647;
			files = (
			);
			runOnlyForDeploymentPostprocessing = 0;
		};
		242AA3BD19BFEAF700AB0B01 /* Frameworks */ = {
			isa = PBXFrameworksBuildPhase;
			buildActionMask = 2147483647;
			files = (
			);
			runOnlyForDeploymentPostprocessing = 0;
		};
/* End PBXFrameworksBuildPhase section */

/* Begin PBXGroup section */
		242AA3A219BFEAF700AB0B01 = {
			isa = PBXGroup;
			children = (
				242AA3AD19BFEAF700AB0B01 /* Postcard */,
				242AA3C319BFEAF700AB0B01 /* PostcardTests */,
				242AA3AC19BFEAF700AB0B01 /* Products */,
			);
			sourceTree = "<group>";
		};
		242AA3AC19BFEAF700AB0B01 /* Products */ = {
			isa = PBXGroup;
			children = (
				242AA3AB19BFEAF700AB0B01 /* Postcard.app */,
				242AA3C019BFEAF700AB0B01 /* PostcardTests.xctest */,
			);
			name = Products;
			sourceTree = "<group>";
		};
		242AA3AD19BFEAF700AB0B01 /* Postcard */ = {
			isa = PBXGroup;
			children = (
				242AA3B019BFEAF700AB0B01 /* AppDelegate.swift */,
				242AA3B219BFEAF700AB0B01 /* ViewController.swift */,
				242AA3B419BFEAF700AB0B01 /* Main.storyboard */,
				242AA3B719BFEAF700AB0B01 /* Images.xcassets */,
				242AA3B919BFEAF700AB0B01 /* LaunchScreen.xib */,
				242AA3AE19BFEAF700AB0B01 /* Supporting Files */,
			);
			path = Postcard;
			sourceTree = "<group>";
		};
		242AA3AE19BFEAF700AB0B01 /* Supporting Files */ = {
			isa = PBXGroup;
			children = (
				2430F0C919C12E89004CC4C4 /* 6662395-mongolia-circa-1982-postage-stamp-shows-vintage-bicycle-circa-1982.jpg */,
				2430F0C719C126D3004CC4C4 /* Space Needle 2__OTIS.jpg */,
				242AA3AF19BFEAF700AB0B01 /* Info.plist */,
			);
			name = "Supporting Files";
			sourceTree = "<group>";
		};
		242AA3C319BFEAF700AB0B01 /* PostcardTests */ = {
			isa = PBXGroup;
			children = (
				242AA3C619BFEAF700AB0B01 /* PostcardTests.swift */,
				242AA3C419BFEAF700AB0B01 /* Supporting Files */,
			);
			path = PostcardTests;
			sourceTree = "<group>";
		};
		242AA3C419BFEAF700AB0B01 /* Supporting Files */ = {
			isa = PBXGroup;
			children = (
				242AA3C519BFEAF700AB0B01 /* Info.plist */,
			);
			name = "Supporting Files";
			sourceTree = "<group>";
		};
/* End PBXGroup section */

/* Begin PBXNativeTarget section */
		242AA3AA19BFEAF700AB0B01 /* Postcard */ = {
			isa = PBXNativeTarget;
			buildConfigurationList = 242AA3CA19BFEAF700AB0B01 /* Build configuration list for PBXNativeTarget "Postcard" */;
			buildPhases = (
				242AA3A719BFEAF700AB0B01 /* Sources */,
				242AA3A819BFEAF700AB0B01 /* Frameworks */,
				242AA3A919BFEAF700AB0B01 /* Resources */,
			);
			buildRules = (
			);
			dependencies = (
			);
			name = Postcard;
			productName = Postcard;
			productReference = 242AA3AB19BFEAF700AB0B01 /* Postcard.app */;
			productType = "com.apple.product-type.application";
		};
		242AA3BF19BFEAF700AB0B01 /* PostcardTests */ = {
			isa = PBXNativeTarget;
			buildConfigurationList = 242AA3CD19BFEAF700AB0B01 /* Build configuration list for PBXNativeTarget "PostcardTests" */;
			buildPhases = (
				242AA3BC19BFEAF700AB0B01 /* Sources */,
				242AA3BD19BFEAF700AB0B01 /* Frameworks */,
				242AA3BE19BFEAF700AB0B01 /* Resources */,
			);
			buildRules = (
			);
			dependencies = (
				242AA3C219BFEAF700AB0B01 /* PBXTargetDependency */,
			);
			name = PostcardTests;
			productName = PostcardTests;
			productReference = 242AA3C019BFEAF700AB0B01 /* PostcardTests.xctest */;
			productType = "com.apple.product-type.bundle.unit-test";
		};
/* End PBXNativeTarget section */

/* Begin PBXProject section */
		242AA3A319BFEAF700AB0B01 /* Project object */ = {
			isa = PBXProject;
			attributes = {
				LastUpgradeCheck = 0600;
				ORGANIZATIONNAME = "Avery Bedows";
				TargetAttributes = {
					242AA3AA19BFEAF700AB0B01 = {
						CreatedOnToolsVersion = 6.0;
					};
					242AA3BF19BFEAF700AB0B01 = {
						CreatedOnToolsVersion = 6.0;
						TestTargetID = 242AA3AA19BFEAF700AB0B01;
					};
				};
			};
			buildConfigurationList = 242AA3A619BFEAF700AB0B01 /* Build configuration list for PBXProject "Postcard" */;
			compatibilityVersion = "Xcode 3.2";
			developmentRegion = English;
			hasScannedForEncodings = 0;
			knownRegions = (
				en,
				Base,
			);
			mainGroup = 242AA3A219BFEAF700AB0B01;
			productRefGroup = 242AA3AC19BFEAF700AB0B01 /* Products */;
			projectDirPath = "";
			projectRoot = "";
			targets = (
				242AA3AA19BFEAF700AB0B01 /* Postcard */,
				242AA3BF19BFEAF700AB0B01 /* PostcardTests */,
			);
		};
/* End PBXProject section */

/* Begin PBXResourcesBuildPhase section */
		242AA3A919BFEAF700AB0B01 /* Resources */ = {
			isa = PBXResourcesBuildPhase;
			buildActionMask = 2147483647;
			files = (
				242AA3B619BFEAF700AB0B01 /* Main.storyboard in Resources */,
				2430F0CA19C12E89004CC4C4 /* 6662395-mongolia-circa-1982-postage-stamp-shows-vintage-bicycle-circa-1982.jpg in Resources */,
				242AA3BB19BFEAF700AB0B01 /* LaunchScreen.xib in Resources */,
				242AA3B819BFEAF700AB0B01 /* Images.xcassets in Resources */,
				2430F0C819C126D3004CC4C4 /* Space Needle 2__OTIS.jpg in Resources */,
			);
			runOnlyForDeploymentPostprocessing = 0;
		};
		242AA3BE19BFEAF700AB0B01 /* Resources */ = {
			isa = PBXResourcesBuildPhase;
			buildActionMask = 2147483647;
			files = (
			);
			runOnlyForDeploymentPostprocessing = 0;
		};
/* End PBXResourcesBuildPhase section */

/* Begin PBXSourcesBuildPhase section */
		242AA3A719BFEAF700AB0B01 /* Sources */ = {
			isa = PBXSourcesBuildPhase;
			buildActionMask = 2147483647;
			files = (
				242AA3B319BFEAF700AB0B01 /* ViewController.swift in Sources */,
				242AA3B119BFEAF700AB0B01 /* AppDelegate.swift in Sources */,
			);
			runOnlyForDeploymentPostprocessing = 0;
		};
		242AA3BC19BFEAF700AB0B01 /* Sources */ = {
			isa = PBXSourcesBuildPhase;
			buildActionMask = 2147483647;
			files = (
				242AA3C719BFEAF700AB0B01 /* PostcardTests.swift in Sources */,
			);
			runOnlyForDeploymentPostprocessing = 0;
		};
/* End PBXSourcesBuildPhase section */

/* Begin PBXTargetDependency section */
		242AA3C219BFEAF700AB0B01 /* PBXTargetDependency */ = {
			isa = PBXTargetDependency;
			target = 242AA3AA19BFEAF700AB0B01 /* Postcard */;
			targetProxy = 242AA3C119BFEAF700AB0B01 /* PBXContainerItemProxy */;
		};
/* End PBXTargetDependency section */

/* Begin PBXVariantGroup section */
		242AA3B419BFEAF700AB0B01 /* Main.storyboard */ = {
			isa = PBXVariantGroup;
			children = (
				242AA3B519BFEAF700AB0B01 /* Base */,
			);
			name = Main.storyboard;
			sourceTree = "<group>";
		};
		242AA3B919BFEAF700AB0B01 /* LaunchScreen.xib */ = {
			isa = PBXVariantGroup;
			children = (
				242AA3BA19BFEAF700AB0B01 /* Base */,
			);
			name = LaunchScreen.xib;
			sourceTree = "<group>";
		};
/* End PBXVariantGroup section */

/* Begin XCBuildConfiguration section */
		242AA3C819BFEAF700AB0B01 /* Debug */ = {
			isa = XCBuildConfiguration;
			buildSettings = {
				ALWAYS_SEARCH_USER_PATHS = NO;
				CLANG_CXX_LANGUAGE_STANDARD = "gnu++0x";
				CLANG_CXX_LIBRARY = "libc++";
				CLANG_ENABLE_MODULES = YES;
				CLANG_ENABLE_OBJC_ARC = YES;
				CLANG_WARN_BOOL_CONVERSION = YES;
				CLANG_WARN_CONSTANT_CONVERSION = YES;
				CLANG_WARN_DIRECT_OBJC_ISA_USAGE = YES_ERROR;
				CLANG_WARN_EMPTY_BODY = YES;
				CLANG_WARN_ENUM_CONVERSION = YES;
				CLANG_WARN_INT_CONVERSION = YES;
				CLANG_WARN_OBJC_ROOT_CLASS = YES_ERROR;
				CLANG_WARN_UNREACHABLE_CODE = YES;
				CLANG_WARN__DUPLICATE_METHOD_MATCH = YES;
				"CODE_SIGN_IDENTITY[sdk=iphoneos*]" = "iPhone Developer";
				COPY_PHASE_STRIP = NO;
				ENABLE_STRICT_OBJC_MSGSEND = YES;
				GCC_C_LANGUAGE_STANDARD = gnu99;
				GCC_DYNAMIC_NO_PIC = NO;
				GCC_OPTIMIZATION_LEVEL = 0;
				GCC_PREPROCESSOR_DEFINITIONS = (
					"DEBUG=1",
					"$(inherited)",
				);
				GCC_SYMBOLS_PRIVATE_EXTERN = NO;
				GCC_WARN_64_TO_32_BIT_CONVERSION = YES;
				GCC_WARN_ABOUT_RETURN_TYPE = YES_ERROR;
				GCC_WARN_UNDECLARED_SELECTOR = YES;
				GCC_WARN_UNINITIALIZED_AUTOS = YES_AGGRESSIVE;
				GCC_WARN_UNUSED_FUNCTION = YES;
				GCC_WARN_UNUSED_VARIABLE = YES;
				IPHONEOS_DEPLOYMENT_TARGET = 8.0;
				MTL_ENABLE_DEBUG_INFO = YES;
				ONLY_ACTIVE_ARCH = YES;
				SDKROOT = iphoneos;
				SWIFT_OPTIMIZATION_LEVEL = "-Onone";
			};
			name = Debug;
		};
		242AA3C919BFEAF700AB0B01 /* Release */ = {
			isa = XCBuildConfiguration;
			buildSettings = {
				ALWAYS_SEARCH_USER_PATHS = NO;
				CLANG_CXX_LANGUAGE_STANDARD = "gnu++0x";
				CLANG_CXX_LIBRARY = "libc++";
				CLANG_ENABLE_MODULES = YES;
				CLANG_ENABLE_OBJC_ARC = YES;
				CLANG_WARN_BOOL_CONVERSION = YES;
				CLANG_WARN_CONSTANT_CONVERSION = YES;
				CLANG_WARN_DIRECT_OBJC_ISA_USAGE = YES_ERROR;
				CLANG_WARN_EMPTY_BODY = YES;
				CLANG_WARN_ENUM_CONVERSION = YES;
				CLANG_WARN_INT_CONVERSION = YES;
				CLANG_WARN_OBJC_ROOT_CLASS = YES_ERROR;
				CLANG_WARN_UNREACHABLE_CODE = YES;
				CLANG_WARN__DUPLICATE_METHOD_MATCH = YES;
				"CODE_SIGN_IDENTITY[sdk=iphoneos*]" = "iPhone Developer";
				COPY_PHASE_STRIP = YES;
				ENABLE_NS_ASSERTIONS = NO;
				ENABLE_STRICT_OBJC_MSGSEND = YES;
				GCC_C_LANGUAGE_STANDARD = gnu99;
				GCC_WARN_64_TO_32_BIT_CONVERSION = YES;
				GCC_WARN_ABOUT_RETURN_TYPE = YES_ERROR;
				GCC_WARN_UNDECLARED_SELECTOR = YES;
				GCC_WARN_UNINITIALIZED_AUTOS = YES_AGGRESSIVE;
				GCC_WARN_UNUSED_FUNCTION = YES;
				GCC_WARN_UNUSED_VARIABLE = YES;
				IPHONEOS_DEPLOYMENT_TARGET = 8.0;
				MTL_ENABLE_DEBUG_INFO = NO;
				SDKROOT = iphoneos;
				VALIDATE_PRODUCT = YES;
			};
			name = Release;
		};
		242AA3CB19BFEAF700AB0B01 /* Debug */ = {
			isa = XCBuildConfiguration;
			buildSettings = {
				ASSETCATALOG_COMPILER_APPICON_NAME = AppIcon;
				INFOPLIST_FILE = Postcard/Info.plist;
				LD_RUNPATH_SEARCH_PATHS = "$(inherited) @executable_path/Frameworks";
				PRODUCT_NAME = "$(TARGET_NAME)";
				TARGETED_DEVICE_FAMILY = 1;
			};
			name = Debug;
		};
		242AA3CC19BFEAF700AB0B01 /* Release */ = {
			isa = XCBuildConfiguration;
			buildSettings = {
				ASSETCATALOG_COMPILER_APPICON_NAME = AppIcon;
				INFOPLIST_FILE = Postcard/Info.plist;
				LD_RUNPATH_SEARCH_PATHS = "$(inherited) @executable_path/Frameworks";
				PRODUCT_NAME = "$(TARGET_NAME)";
				TARGETED_DEVICE_FAMILY = 1;
			};
			name = Release;
		};
		242AA3CE19BFEAF700AB0B01 /* Debug */ = {
			isa = XCBuildConfiguration;
			buildSettings = {
				BUNDLE_LOADER = "$(TEST_HOST)";
				FRAMEWORK_SEARCH_PATHS = (
					"$(SDKROOT)/Developer/Library/Frameworks",
					"$(inherited)",
				);
				GCC_PREPROCESSOR_DEFINITIONS = (
					"DEBUG=1",
					"$(inherited)",
				);
				INFOPLIST_FILE = PostcardTests/Info.plist;
				LD_RUNPATH_SEARCH_PATHS = "$(inherited) @executable_path/Frameworks @loader_path/Frameworks";
				PRODUCT_NAME = "$(TARGET_NAME)";
				TEST_HOST = "$(BUILT_PRODUCTS_DIR)/Postcard.app/Postcard";
			};
			name = Debug;
		};
		242AA3CF19BFEAF700AB0B01 /* Release */ = {
			isa = XCBuildConfiguration;
			buildSettings = {
				BUNDLE_LOADER = "$(TEST_HOST)";
				FRAMEWORK_SEARCH_PATHS = (
					"$(SDKROOT)/Developer/Library/Frameworks",
					"$(inherited)",
				);
				INFOPLIST_FILE = PostcardTests/Info.plist;
				LD_RUNPATH_SEARCH_PATHS = "$(inherited) @executable_path/Frameworks @loader_path/Frameworks";
				PRODUCT_NAME = "$(TARGET_NAME)";
				TEST_HOST = "$(BUILT_PRODUCTS_DIR)/Postcard.app/Postcard";
			};
			name = Release;
		};
/* End XCBuildConfiguration section */

/* Begin XCConfigurationList section */
		242AA3A619BFEAF700AB0B01 /* Build configuration list for PBXProject "Postcard" */ = {
			isa = XCConfigurationList;
			buildConfigurations = (
				242AA3C819BFEAF700AB0B01 /* Debug */,
				242AA3C919BFEAF700AB0B01 /* Release */,
			);
			defaultConfigurationIsVisible = 0;
			defaultConfigurationName = Release;
		};
		242AA3CA19BFEAF700AB0B01 /* Build configuration list for PBXNativeTarget "Postcard" */ = {
			isa = XCConfigurationList;
			buildConfigurations = (
				242AA3CB19BFEAF700AB0B01 /* Debug */,
				242AA3CC19BFEAF700AB0B01 /* Release */,
			);
			defaultConfigurationIsVisible = 0;
			defaultConfigurationName = Release;
		};
		242AA3CD19BFEAF700AB0B01 /* Build configuration list for PBXNativeTarget "PostcardTests" */ = {
			isa = XCConfigurationList;
			buildConfigurations = (
				242AA3CE19BFEAF700AB0B01 /* Debug */,
				242AA3CF19BFEAF700AB0B01 /* Release */,
			);
			defaultConfigurationIsVisible = 0;
			defaultConfigurationName = Release;
		};
/* End XCConfigurationList section */
	};
	rootObject = 242AA3A319BFEAF700AB0B01 /* Project object */;
}
